
Microsoft Visual Studio Solution File, Format Version 12.00
# Visual Studio Version 17
VisualStudioVersion = 17.9.34728.123
MinimumVisualStudioVersion = 10.0.40219.1
Project("{FAE04EC0-301F-11D3-BF4B-00C04F79EFBC}") = "SMSMessage", "SMSMessage.csproj", "{56CFFD93-FA6F-4CD9-9FE5-1BFFBA07A13E}"
EndProject
Global
	GlobalSection(SolutionConfigurationPlatforms) = preSolution
		Debug|Any CPU = Debug|Any CPU
		Release|Any CPU = Release|Any CPU
	EndGlobalSection
	GlobalSection(ProjectConfigurationPlatforms) = postSolution
		{56CFFD93-FA6F-4CD9-9FE5-1BFFBA07A13E}.Debug|Any CPU.ActiveCfg = Debug|Any CPU
		{56CFFD93-FA6F-4CD9-9FE5-1BFFBA07A13E}.Debug|Any CPU.Build.0 = Debug|Any CPU
		{56CFFD93-FA6F-4CD9-9FE5-1BFFBA07A13E}.Debug|Any CPU.Deploy.0 = Debug|Any CPU
		{56CFFD93-FA6F-4CD9-9FE5-1BFFBA07A13E}.Release|Any CPU.ActiveCfg = Release|Any CPU
		{56CFFD93-FA6F-4CD9-9FE5-1BFFBA07A13E}.Release|Any CPU.Build.0 = Release|Any CPU
		{56CFFD93-FA6F-4CD9-9FE5-1BFFBA07A13E}.Release|Any CPU.Deploy.0 = Release|Any CPU
	EndGlobalSection
	GlobalSection(SolutionProperties) = preSolution
		HideSolutionNode = FALSE
	EndGlobalSection
	GlobalSection(ExtensibilityGlobals) = postSolution
		SolutionGuid = {A5E76195-C937-498D-8663-D981300D8227}
	EndGlobalSection
EndGlobal
